
Microsoft Visual Studio Solution File, Format Version 12.00
# Visual Studio 15
VisualStudioVersion = 15.0.27130.2027
MinimumVisualStudioVersion = 10.0.40219.1
Project("{FAE04EC0-301F-11D3-BF4B-00C04F79EFBC}") = "Ajustes_Fragen", "Ajustes_Fragen\Ajustes_Fragen.csproj", "{A9655C4C-0316-4473-BCE1-744736323310}"
EndProject
Global
	GlobalSection(SolutionConfigurationPlatforms) = preSolution
		Debug|Any CPU = Debug|Any CPU
		Release|Any CPU = Release|Any CPU
	EndGlobalSection
	GlobalSection(ProjectConfigurationPlatforms) = postSolution
		{A9655C4C-0316-4473-BCE1-744736323310}.Debug|Any CPU.ActiveCfg = Debug|Any CPU
		{A9655C4C-0316-4473-BCE1-744736323310}.Debug|Any CPU.Build.0 = Debug|Any CPU
		{A9655C4C-0316-4473-BCE1-744736323310}.Release|Any CPU.ActiveCfg = Release|Any CPU
		{A9655C4C-0316-4473-BCE1-744736323310}.Release|Any CPU.Build.0 = Release|Any CPU
	EndGlobalSection
	GlobalSection(SolutionProperties) = preSolution
		HideSolutionNode = FALSE
	EndGlobalSection
	GlobalSection(ExtensibilityGlobals) = postSolution
		SolutionGuid = {FDE71AC3-7CAA-4FA8-AB63-B4C2CE66ABA7}
	EndGlobalSection
EndGlobal
